
Microsoft Visual Studio Solution File, Format Version 12.00
# Visual Studio 15
VisualStudioVersion = 15.0.28010.2048
MinimumVisualStudioVersion = 10.0.40219.1
Project("{FAE04EC0-301F-11D3-BF4B-00C04F79EFBC}") = "AdventOfCode", "AdventOfCode\AdventOfCode.csproj", "{BF9BF053-5571-41FF-ABC0-338805D29729}"
EndProject
Global
	GlobalSection(SolutionConfigurationPlatforms) = preSolution
		Debug|Any CPU = Debug|Any CPU
		Release|Any CPU = Release|Any CPU
	EndGlobalSection
	GlobalSection(ProjectConfigurationPlatforms) = postSolution
		{BF9BF053-5571-41FF-ABC0-338805D29729}.Debug|Any CPU.ActiveCfg = Debug|Any CPU
		{BF9BF053-5571-41FF-ABC0-338805D29729}.Debug|Any CPU.Build.0 = Debug|Any CPU
		{BF9BF053-5571-41FF-ABC0-338805D29729}.Release|Any CPU.ActiveCfg = Release|Any CPU
		{BF9BF053-5571-41FF-ABC0-338805D29729}.Release|Any CPU.Build.0 = Release|Any CPU
	EndGlobalSection
	GlobalSection(SolutionProperties) = preSolution
		HideSolutionNode = FALSE
	EndGlobalSection
	GlobalSection(ExtensibilityGlobals) = postSolution
		SolutionGuid = {2A5D7EA2-71C3-4F55-B782-B7B6D428CA13}
	EndGlobalSection
EndGlobal
